# litespm.lock — generated by `litespm lock`; do not edit by hand
lockVersion = 1
schemaVersion = 1
manifestDigest = "sha256:2d9b71e22ccdf88a98a02b22ab667fa991b0514e571597aa49f1a8c4e1a183c3"

[[resolved]]
id = "plugin:claude-official:security-guidance"
sourceIdentity = "claude-official"
sourceUrl = "https://github.com/anthropics/claude-plugins-official/tree/main/plugins/security-guidance"
constraint = "2.0.10"
version = "2.0.10"
publisherName = "Anthropic"
signatureScheme = "none"
signatureResult = "unavailable"
license = "NOASSERTION"

lockDigest = "sha256:19d4bbf919750b8e7324862573fc4ae12e97d9a2f0827ea5befaea8893384e30"
